{
  "name": "process-css-node-demo",
  "version": "1.0.0",
  "lockfileVersion": 1,
  "requires": true,
  "dependencies": {
    "apophany": {
      "version": "0.0.1",
      "resolved": "https://registry.npmjs.org/apophany/-/apophany-0.0.1.tgz",
      "integrity": "sha512-FMNFU38Fi/LkyWGJHLkjU4YbfSgifUQknyMlrq0qGyB7zI/C0Ib7sQYQe12v6Dl/XcDVQRK+wepJTPIqxcAMsg=="
    },
    "inherits": {
      "version": "2.0.3",
      "resolved": "https://registry.npmjs.org/inherits/-/inherits-2.0.3.tgz",
      "integrity": "sha1-Yzwsg+PaQqUC9SRmAiSA9CCCYd4="
    },
    "jsincss": {
      "version": "2.2.2",
      "resolved": "https://registry.npmjs.org/jsincss/-/jsincss-2.2.2.tgz",
      "integrity": "sha512-LDH2G3NaVIu6B3eHA+M64s8HQkhdhtLEaeXS/lWa6PU3mEq5TeJ4GD6kivsFCmVo+5IRjw1665x4pNlg9ylyVw=="
    },
    "jsincss-element-query": {
      "version": "2.2.0",
      "resolved": "https://registry.npmjs.org/jsincss-element-query/-/jsincss-element-query-2.2.0.tgz",
      "integrity": "sha512-D/4xpeF0GwhSHQTcTU1Sf3sTac0YoOi1Rcd0Ch8+xzupDK9Sjnle4U84zgiO5QJKrFRvJJWFQPWICXsBODfyqQ=="
    },
    "jsincss-element-units": {
      "version": "2.0.3",
      "resolved": "https://registry.npmjs.org/jsincss-element-units/-/jsincss-element-units-2.0.3.tgz",
      "integrity": "sha512-BYR6Bz/wgB57Qo2++fBmujDRaUGH3H86sE2S8/AqdMmUq5X7XEOqxeZ5BN4AcDzjIwNuMkr8qAjrlWtvWj+VeA=="
    },
    "jsincss-parent-selector": {
      "version": "2.0.2",
      "resolved": "https://registry.npmjs.org/jsincss-parent-selector/-/jsincss-parent-selector-2.0.2.tgz",
      "integrity": "sha512-IycLTS5l2bwz594jKZhlPr2EZjhqMq/cXVeJkNBZOYU9IgUSZN8FsvVxp+VcQZnWZ14bc1Priyz9PwJLwQuDbA=="
    },
    "path": {
      "version": "0.12.7",
      "resolved": "https://registry.npmjs.org/path/-/path-0.12.7.tgz",
      "integrity": "sha1-1NwqUGxM4hl+tIHr/NWzbAFAsQ8=",
      "requires": {
        "process": "^0.11.1",
        "util": "^0.10.3"
      }
    },
    "process": {
      "version": "0.11.10",
      "resolved": "https://registry.npmjs.org/process/-/process-0.11.10.tgz",
      "integrity": "sha1-czIwDoQBYb2j5podHZGn1LwW8YI="
    },
    "process-css": {
      "version": "0.2.1",
      "resolved": "https://registry.npmjs.org/process-css/-/process-css-0.2.1.tgz",
      "integrity": "sha512-FDnKW2JgELUibHdq6SLU1huNWbRRb6Bq1bL5dANTWs68Dy52cwQD0wdl9ubR1x3iyPhN5zLtzbxgF0HdTSDj0w=="
    },
    "util": {
      "version": "0.10.4",
      "resolved": "https://registry.npmjs.org/util/-/util-0.10.4.tgz",
      "integrity": "sha512-0Pm9hTQ3se5ll1XihRic3FDIku70C+iHUdT/W926rSgHV5QgXsYbKZN8MSC3tJtSkhuROzvsQjAaFENRXr+19A==",
      "requires": {
        "inherits": "2.0.3"
      }
    }
  }
}
